{
  "name": "processing-tools",
  "version": "1.0.4",
  "lockfileVersion": 1,
  "requires": true,
  "dependencies": {
    "asap": {
      "version": "2.0.6",
      "resolved": "https://registry.npmjs.org/asap/-/asap-2.0.6.tgz",
      "integrity": "sha1-5QNHYR1+aQlDIIu9r+vLwvuGbUY="
    },
    "ip": {
      "version": "1.1.5",
      "resolved": "https://registry.npmjs.org/ip/-/ip-1.1.5.tgz",
      "integrity": "sha1-vd7XARQpCCjAoDnnLvJfWq7ENUo="
    },
    "lodash": {
      "version": "4.17.10",
      "resolved": "https://registry.npmjs.org/lodash/-/lodash-4.17.10.tgz",
      "integrity": "sha512-UejweD1pDoXu+AD825lWwp4ZGtSwgnpZxb3JDViD7StjQz+Nb/6l093lx4OQ0foGWNRoc19mWy7BzL+UAK2iVg=="
    },
    "promise": {
      "version": "8.0.1",
      "resolved": "https://registry.npmjs.org/promise/-/promise-8.0.1.tgz",
      "integrity": "sha1-5F1osAoXZHttpxG/he1u1HII9FA=",
      "requires": {
        "asap": "2.0.6"
      }
    },
    "the-promise": {
      "version": "1.0.15",
      "resolved": "https://registry.npmjs.org/the-promise/-/the-promise-1.0.15.tgz",
      "integrity": "sha512-Srr6gAEiUvgbUQYWwjone2Ch142rnt1o355WhFkQaHgoVWXcnEt3LlrDem/tN5AbVGtIQNdxogVkF3vDw4XRCQ==",
      "requires": {
        "lodash": "4.17.10",
        "promise": "8.0.1"
      }
    },
    "toposort": {
      "version": "1.0.6",
      "resolved": "https://registry.npmjs.org/toposort/-/toposort-1.0.6.tgz",
      "integrity": "sha1-wxdI5V0hDv/AD9zcfW5o19e7nOw="
    },
    "uuid": {
      "version": "3.2.1",
      "resolved": "https://registry.npmjs.org/uuid/-/uuid-3.2.1.tgz",
      "integrity": "sha512-jZnMwlb9Iku/O3smGWvZhauCf6cvvpKi4BKRiliS3cxnI+Gz9j5MEpTz2UFuXiKPJocb7gnsLHwiS05ige5BEA=="
    }
  }
}
