{
  "name": "processing-tools",
  "version": "1.0.1",
  "lockfileVersion": 1,
  "requires": true,
  "dependencies": {
    "asap": {
      "version": "2.0.6",
      "resolved": "https://registry.npmjs.org/asap/-/asap-2.0.6.tgz",
      "integrity": "sha1-5QNHYR1+aQlDIIu9r+vLwvuGbUY="
    },
    "ip": {
      "version": "1.1.5",
      "resolved": "https://registry.npmjs.org/ip/-/ip-1.1.5.tgz",
      "integrity": "sha1-vd7XARQpCCjAoDnnLvJfWq7ENUo="
    },
    "lodash": {
      "version": "4.17.5",
      "resolved": "https://registry.npmjs.org/lodash/-/lodash-4.17.5.tgz",
      "integrity": "sha512-svL3uiZf1RwhH+cWrfZn3A4+U58wbP0tGVTLQPbjplZxZ8ROD9VLuNgsRniTlLe7OlSqR79RUehXgpBW/s0IQw=="
    },
    "promise": {
      "version": "8.0.1",
      "resolved": "https://registry.npmjs.org/promise/-/promise-8.0.1.tgz",
      "integrity": "sha1-5F1osAoXZHttpxG/he1u1HII9FA=",
      "requires": {
        "asap": "2.0.6"
      }
    },
    "the-promise": {
      "version": "1.0.14",
      "resolved": "https://registry.npmjs.org/the-promise/-/the-promise-1.0.14.tgz",
      "integrity": "sha512-G8pBwU7sm8rFHG6nkEwb5bVy4pg1nVSOHvBvbbetw7D9glB/YeyCC7q4SmEyJG0UjeSTC+eTHtzEt1cvRYZxYg==",
      "requires": {
        "lodash": "4.17.5",
        "promise": "8.0.1"
      }
    },
    "toposort": {
      "version": "1.0.6",
      "resolved": "https://registry.npmjs.org/toposort/-/toposort-1.0.6.tgz",
      "integrity": "sha1-wxdI5V0hDv/AD9zcfW5o19e7nOw="
    },
    "uuid": {
      "version": "3.2.1",
      "resolved": "https://registry.npmjs.org/uuid/-/uuid-3.2.1.tgz",
      "integrity": "sha512-jZnMwlb9Iku/O3smGWvZhauCf6cvvpKi4BKRiliS3cxnI+Gz9j5MEpTz2UFuXiKPJocb7gnsLHwiS05ige5BEA=="
    }
  }
}
